# THIS IS AN AUTOGENERATED FILE. DO NOT EDIT THIS FILE DIRECTLY.
# yarn lockfile v1


"@assemblyscript/loader@^0.18.32":
  version "0.18.32"
  resolved "https://registry.yarnpkg.com/@assemblyscript/loader/-/loader-0.18.32.tgz#2216fc7df235df247c95004457efd9c0a7da33ed"
  integrity sha512-fq+nWvQuwASkTgchjMsnLyharobzPJIKx4KGoSlkS1ffrsnjabok2oOH7jAIFW4RMz3JXjHxMONbAmcxzyrcUw==

assemblyscript@^0.18.32:
  version "0.18.32"
  resolved "https://registry.yarnpkg.com/assemblyscript/-/assemblyscript-0.18.32.tgz#cbb76076bd4d9702f4baae0a2910c9755c8e4ecd"
  integrity sha512-Py6zremwGhO3nSoI/VxyVUzTZfNhTjzNzFDaUdG4JhPJHeG+FzVlEoNCrw4bE5nPc7F+P2DJ8tZQCqIt15ceKw==
  dependencies:
    binaryen "100.0.0-nightly.20210413"
    long "^4.0.0"

benchmark@^2.1.4:
  version "2.1.4"
  resolved "https://registry.yarnpkg.com/benchmark/-/benchmark-2.1.4.tgz#09f3de31c916425d498cc2ee565a0ebf3c2a5629"
  integrity sha1-CfPeMckWQl1JjMLuVloOvzwqVik=
  dependencies:
    lodash "^4.17.4"
    platform "^1.3.3"

binaryen@100.0.0-nightly.20210413:
  version "100.0.0-nightly.20210413"
  resolved "https://registry.yarnpkg.com/binaryen/-/binaryen-100.0.0-nightly.20210413.tgz#b7f2a5bb1f76b2d6f9c67486ca218714b3766790"
  integrity sha512-EeGLIxQmJS0xnYl+SH34mNBqVMoixKd9nsE7S7z+CtS9A4eoWn3Qjav+XElgunUgXIHAI5yLnYT2TUGnLX2f1w==

lodash@^4.17.4:
  version "4.17.21"
  resolved "https://registry.yarnpkg.com/lodash/-/lodash-4.17.21.tgz#679591c564c3bffaae8454cf0b3df370c3d6911c"
  integrity sha512-v2kDEe57lecTulaDIuNTPy3Ry4gLGJ6Z1O3vE1krgXZNrsQ+LFTGHVxVjcXPs17LhbZVGedAJv8XZ1tvj5FvSg==

long@^4.0.0:
  version "4.0.0"
  resolved "https://registry.yarnpkg.com/long/-/long-4.0.0.tgz#9a7b71cfb7d361a194ea555241c92f7468d5bf28"
  integrity sha512-XsP+KhQif4bjX1kbuSiySJFNAehNxgLb6hPRGJ9QsUr8ajHkuXGdrHmFUTUUXhDwVX2R5bY4JNZEwbUiMhV+MA==

platform@^1.3.3:
  version "1.3.6"
  resolved "https://registry.yarnpkg.com/platform/-/platform-1.3.6.tgz#48b4ce983164b209c2d45a107adb31f473a6e7a7"
  integrity sha512-fnWVljUchTro6RiCFvCXBbNhJc2NijN7oIQxbwsyL0buWJPG85v81ehlHI9fXrJsMNgTofEoWIQeClKpgxFLrg==
